
Microsoft Visual Studio Solution File, Format Version 12.00
# Visual Studio Version 17
VisualStudioVersion = 17.11.35208.52
MinimumVisualStudioVersion = 10.0.40219.1
Project("{FAE04EC0-301F-11D3-BF4B-00C04F79EFBC}") = "Butce Garantile", "Butce Garantile\Butce Garantile.csproj", "{A5BD7244-2865-4330-8B5D-2F165F5122C6}"
EndProject
Global
	GlobalSection(SolutionConfigurationPlatforms) = preSolution
		Debug|Any CPU = Debug|Any CPU
		Release|Any CPU = Release|Any CPU
	EndGlobalSection
	GlobalSection(ProjectConfigurationPlatforms) = postSolution
		{A5BD7244-2865-4330-8B5D-2F165F5122C6}.Debug|Any CPU.ActiveCfg = Debug|Any CPU
		{A5BD7244-2865-4330-8B5D-2F165F5122C6}.Debug|Any CPU.Build.0 = Debug|Any CPU
		{A5BD7244-2865-4330-8B5D-2F165F5122C6}.Release|Any CPU.ActiveCfg = Release|Any CPU
		{A5BD7244-2865-4330-8B5D-2F165F5122C6}.Release|Any CPU.Build.0 = Release|Any CPU
	EndGlobalSection
	GlobalSection(SolutionProperties) = preSolution
		HideSolutionNode = FALSE
	EndGlobalSection
	GlobalSection(ExtensibilityGlobals) = postSolution
		SolutionGuid = {76A8B59B-457D-4185-8C55-21761E932BBD}
	EndGlobalSection
EndGlobal
